
Microsoft Visual Studio Solution File, Format Version 12.00
# Visual Studio 15
VisualStudioVersion = 15.0.27428.2037
MinimumVisualStudioVersion = 10.0.40219.1
Project("{FAE04EC0-301F-11D3-BF4B-00C04F79EFBC}") = "Converter", "Converter\Converter.csproj", "{66B6D30A-D1C0-42CC-BC32-05E0FC4B941A}"
EndProject
Global
	GlobalSection(SolutionConfigurationPlatforms) = preSolution
		Debug|Any CPU = Debug|Any CPU
		Release|Any CPU = Release|Any CPU
	EndGlobalSection
	GlobalSection(ProjectConfigurationPlatforms) = postSolution
		{66B6D30A-D1C0-42CC-BC32-05E0FC4B941A}.Debug|Any CPU.ActiveCfg = Debug|Any CPU
		{66B6D30A-D1C0-42CC-BC32-05E0FC4B941A}.Debug|Any CPU.Build.0 = Debug|Any CPU
		{66B6D30A-D1C0-42CC-BC32-05E0FC4B941A}.Release|Any CPU.ActiveCfg = Release|Any CPU
		{66B6D30A-D1C0-42CC-BC32-05E0FC4B941A}.Release|Any CPU.Build.0 = Release|Any CPU
	EndGlobalSection
	GlobalSection(SolutionProperties) = preSolution
		HideSolutionNode = FALSE
	EndGlobalSection
	GlobalSection(ExtensibilityGlobals) = postSolution
		SolutionGuid = {810583FC-22D9-42B2-AA7F-CA522B86CA1C}
	EndGlobalSection
EndGlobal
